# THIS IS AN AUTOGENERATED FILE. DO NOT EDIT THIS FILE DIRECTLY.
# yarn lockfile v1


"@esbuild/win32-x64@0.21.5":
  "integrity" "sha512-tQd/1efJuzPC6rCFwEvLtci/xNFcTZknmXs98FYDfGE4wP9ClFV98nyKrzJKVPMhdDnjzLhdUyMX4PsQAPjwIw=="
  "resolved" "https://r.cnpmjs.org/@esbuild/win32-x64/-/win32-x64-0.21.5.tgz"
  "version" "0.21.5"

"@lit-labs/ssr-dom-shim@^1.0.0", "@lit-labs/ssr-dom-shim@^1.1.0":
  "integrity" "sha512-wx4aBmgeGvFmOKucFKY+8VFJSYZxs9poN3SDNQFF6lT6NrQUnHiPB2PWz2sc4ieEcAaYYzN+1uWahEeTq2aRIQ=="
  "resolved" "https://r.cnpmjs.org/@lit-labs/ssr-dom-shim/-/ssr-dom-shim-1.2.1.tgz"
  "version" "1.2.1"

"@lit/reactive-element@^1.3.0", "@lit/reactive-element@^1.6.0":
  "integrity" "sha512-QuTgnG52Poic7uM1AN5yJ09QMe0O28e10XzSvWDz02TJiiKee4stsiownEIadWm8nYzyDAyT+gKzUoZmiWQtsQ=="
  "resolved" "https://r.cnpmjs.org/@lit/reactive-element/-/reactive-element-1.6.3.tgz"
  "version" "1.6.3"
  dependencies:
    "@lit-labs/ssr-dom-shim" "^1.0.0"

"@mapbox/jsonlint-lines-primitives@^2.0.2":
  "integrity" "sha512-rY0o9A5ECsTQRVhv7tL/OyDpGAoUB4tTvLiW1DSzQGq4bvTPhNw1VpSNjDJc5GFZ2XuyOtSWSVN05qOtcD71qQ=="
  "resolved" "https://registry.npmmirror.com/@mapbox/jsonlint-lines-primitives/-/jsonlint-lines-primitives-2.0.2.tgz"
  "version" "2.0.2"

"@mapbox/mapbox-gl-supported@^3.0.0":
  "integrity" "sha512-2XghOwu16ZwPJLOFVuIOaLbN0iKMn867evzXFyf0P22dqugezfJwLmdanAgU25ITvz1TvOfVP4jsDImlDJzcWg=="
  "resolved" "https://registry.npmmirror.com/@mapbox/mapbox-gl-supported/-/mapbox-gl-supported-3.0.0.tgz"
  "version" "3.0.0"

"@mapbox/point-geometry@^0.1.0", "@mapbox/point-geometry@~0.1.0", "@mapbox/point-geometry@0.1.0":
  "integrity" "sha512-6j56HdLTwWGO0fJPlrZtdU/B13q8Uwmo18Ck2GnGgN9PCFyKTZ3UbXeEdRFh18i9XQ92eH2VdtpJHpBD3aripQ=="
  "resolved" "https://registry.npmmirror.com/@mapbox/point-geometry/-/point-geometry-0.1.0.tgz"
  "version" "0.1.0"

"@mapbox/tiny-sdf@^2.0.6":
  "integrity" "sha512-qMqa27TLw+ZQz5Jk+RcwZGH7BQf5G/TrutJhspsca/3SHwmgKQ1iq+d3Jxz5oysPVYTGP6aXxCo5Lk9Er6YBAA=="
  "resolved" "https://registry.npmmirror.com/@mapbox/tiny-sdf/-/tiny-sdf-2.0.6.tgz"
  "version" "2.0.6"

"@mapbox/unitbezier@^0.0.1":
  "integrity" "sha512-nMkuDXFv60aBr9soUG5q+GvZYL+2KZHVvsqFCzqnkGEf46U2fvmytHaEVc1/YZbiLn8X+eR3QzX1+dwDO1lxlw=="
  "resolved" "https://registry.npmmirror.com/@mapbox/unitbezier/-/unitbezier-0.0.1.tgz"
  "version" "0.0.1"

"@mapbox/vector-tile@^1.3.1":
  "integrity" "sha512-MCEddb8u44/xfQ3oD+Srl/tNcQoqTw3goGk2oLsrFxOTc3dUp+kAnby3PvAeeBYSMSjSPD1nd1AJA6W49WnoUw=="
  "resolved" "https://registry.npmmirror.com/@mapbox/vector-tile/-/vector-tile-1.3.1.tgz"
  "version" "1.3.1"
  dependencies:
    "@mapbox/point-geometry" "~0.1.0"

"@mapbox/whoots-js@^3.1.0":
  "integrity" "sha512-Es6WcD0nO5l+2BOQS4uLfNPYQaNDfbot3X1XUoloz+x0mPDS3eeORZJl06HXjwBG1fOGwCRnzK88LMdxKRrd6Q=="
  "resolved" "https://registry.npmmirror.com/@mapbox/whoots-js/-/whoots-js-3.1.0.tgz"
  "version" "3.1.0"

"@rollup/rollup-win32-x64-msvc@4.24.0":
  "integrity" "sha512-fbMkAF7fufku0N2dE5TBXcNlg0pt0cJue4xBRE2Qc5Vqikxr4VCgKj/ht6SMdFcOacVA9rqF70APJ8RN/4vMJw=="
  "resolved" "https://r.cnpmjs.org/@rollup/rollup-win32-x64-msvc/-/rollup-win32-x64-msvc-4.24.0.tgz"
  "version" "4.24.0"

"@types/estree@1.0.6":
  "integrity" "sha512-AYnb1nQyY49te+VRAVgmzfcgjYS91mY5P0TKUDCLEM+gNnA+3T6rWITXRLYCpahpqSQbN5cE+gHpnPyXjHWxcw=="
  "resolved" "https://r.cnpmjs.org/@types/estree/-/estree-1.0.6.tgz"
  "version" "1.0.6"

"@types/geojson-vt@^3.2.5":
  "integrity" "sha512-qDO7wqtprzlpe8FfQ//ClPV9xiuoh2nkIgiouIptON9w5jvD/fA4szvP9GBlDVdJ5dldAl0kX/sy3URbWwLx0g=="
  "resolved" "https://registry.npmmirror.com/@types/geojson-vt/-/geojson-vt-3.2.5.tgz"
  "version" "3.2.5"
  dependencies:
    "@types/geojson" "*"

"@types/geojson@*", "@types/geojson@^7946.0.14":
  "integrity" "sha512-WCfD5Ht3ZesJUsONdhvm84dmzWOiOzOAqOncN0++w0lBw1o8OuDNJF2McvvCef/yBqb/HYRahp1BYtODFQ8bRg=="
  "resolved" "https://registry.npmmirror.com/@types/geojson/-/geojson-7946.0.14.tgz"
  "version" "7946.0.14"

"@types/mapbox__point-geometry@*", "@types/mapbox__point-geometry@^0.1.4":
  "integrity" "sha512-mUWlSxAmYLfwnRBmgYV86tgYmMIICX4kza8YnE/eIlywGe2XoOxlpVnXWwir92xRLjwyarqwpu2EJKD2pk0IUA=="
  "resolved" "https://registry.npmmirror.com/@types/mapbox__point-geometry/-/mapbox__point-geometry-0.1.4.tgz"
  "version" "0.1.4"

"@types/mapbox__vector-tile@^1.3.4":
  "integrity" "sha512-bpd8dRn9pr6xKvuEBQup8pwQfD4VUyqO/2deGjfpe6AwC8YRlyEipvefyRJUSiCJTZuCb8Pl1ciVV5ekqJ96Bg=="
  "resolved" "https://registry.npmmirror.com/@types/mapbox__vector-tile/-/mapbox__vector-tile-1.3.4.tgz"
  "version" "1.3.4"
  dependencies:
    "@types/geojson" "*"
    "@types/mapbox__point-geometry" "*"
    "@types/pbf" "*"

"@types/pbf@*", "@types/pbf@^3.0.5":
  "integrity" "sha512-j3pOPiEcWZ34R6a6mN07mUkM4o4Lwf6hPNt8eilOeZhTFbxFXmKhvXl9Y28jotFPaI1bpPDJsbCprUoNke6OrA=="
  "resolved" "https://registry.npmmirror.com/@types/pbf/-/pbf-3.0.5.tgz"
  "version" "3.0.5"

"@types/supercluster@^7.1.3":
  "integrity" "sha512-Z0pOY34GDFl3Q6hUFYf3HkTwKEE02e7QgtJppBt+beEAxnyOpJua+voGFvxINBHa06GwLFFym7gRPY2SiKIfIA=="
  "resolved" "https://registry.npmmirror.com/@types/supercluster/-/supercluster-7.1.3.tgz"
  "version" "7.1.3"
  dependencies:
    "@types/geojson" "*"

"@types/trusted-types@^2.0.2":
  "integrity" "sha512-ScaPdn1dQczgbl0QFTeTOmVHFULt394XJgOQNoyVhZ6r2vLnMLJfBPd53SB52T/3G36VI1/g2MZaX0cwDuXsfw=="
  "resolved" "https://r.cnpmjs.org/@types/trusted-types/-/trusted-types-2.0.7.tgz"
  "version" "2.0.7"

"@vaadin/router@^2.0.0":
  "integrity" "sha512-IjOlzuUsrVhfBId+ypcdDLM3+GZHo64DUlkr8IjFe04A4kMvt0zVFIpPH03X52/tMiwyYOF0Sw6p53DXkWiZcA=="
  "resolved" "https://r.cnpmjs.org/@vaadin/router/-/router-2.0.0.tgz"
  "version" "2.0.0"
  dependencies:
    "@vaadin/vaadin-usage-statistics" "^2.1.2"
    "path-to-regexp" "^6.3.0"
    "type-fest" "^4.26.1"

"@vaadin/vaadin-development-mode-detector@^2.0.0":
  "integrity" "sha512-9FhVhr0ynSR3X2ao+vaIEttcNU5XfzCbxtmYOV8uIRnUCtNgbvMOIcyGBvntsX9I5kvIP2dV3cFAOG9SILJzEA=="
  "resolved" "https://r.cnpmjs.org/@vaadin/vaadin-development-mode-detector/-/vaadin-development-mode-detector-2.0.7.tgz"
  "version" "2.0.7"

"@vaadin/vaadin-usage-statistics@^2.1.2":
  "integrity" "sha512-8r4TNknD7OJQADe3VygeofFR7UNAXZ2/jjBFP5dgI8+2uMfnuGYgbuHivasKr9WSQ64sPej6m8rDoM1uSllXjQ=="
  "resolved" "https://r.cnpmjs.org/@vaadin/vaadin-usage-statistics/-/vaadin-usage-statistics-2.1.3.tgz"
  "version" "2.1.3"
  dependencies:
    "@vaadin/vaadin-development-mode-detector" "^2.0.0"

"asynckit@^0.4.0":
  "integrity" "sha512-Oei9OH4tRh0YqU3GxhX79dM/mwVgvbZJaSNaRk+bshkj0S5cfHcgYakreBjrHwatXKbz+IoIdYLxrKim2MjW0Q=="
  "resolved" "https://r2.cnpmjs.org/asynckit/-/asynckit-0.4.0.tgz"
  "version" "0.4.0"

"axios@^1.7.7":
  "integrity" "sha512-S4kL7XrjgBmvdGut0sN3yJxqYzrDOnivkBiN0OFs6hLiUam3UPvswUo0kqGyhqUZGEOytHyumEdXsAkgCOUf3Q=="
  "resolved" "https://r.cnpmjs.org/axios/-/axios-1.7.7.tgz"
  "version" "1.7.7"
  dependencies:
    "follow-redirects" "^1.15.6"
    "form-data" "^4.0.0"
    "proxy-from-env" "^1.1.0"

"cheap-ruler@^4.0.0":
  "integrity" "sha512-0BJa8f4t141BYKQyn9NSQt1PguFQXMXwZiA5shfoaBYHAb2fFk2RAX+tiWMoQU+Agtzt3mdt0JtuyshAXqZ+Vw=="
  "resolved" "https://registry.npmmirror.com/cheap-ruler/-/cheap-ruler-4.0.0.tgz"
  "version" "4.0.0"

"combined-stream@^1.0.8":
  "integrity" "sha512-FQN4MRfuJeHf7cBbBMJFXhKSDq+2kAArBlmRBvcvFE5BB1HZKXtSFASDhdlz9zOYwxh8lDdnvmMOe/+5cdoEdg=="
  "resolved" "https://r2.cnpmjs.org/combined-stream/-/combined-stream-1.0.8.tgz"
  "version" "1.0.8"
  dependencies:
    "delayed-stream" "~1.0.0"

"csscolorparser@~1.0.3":
  "integrity" "sha512-umPSgYwZkdFoUrH5hIq5kf0wPSXiro51nPw0j2K/c83KflkPSTBGMz6NJvMB+07VlL0y7VPo6QJcDjcgKTTm3w=="
  "resolved" "https://registry.npmmirror.com/csscolorparser/-/csscolorparser-1.0.3.tgz"
  "version" "1.0.3"

"delayed-stream@~1.0.0":
  "integrity" "sha512-ZySD7Nf91aLB0RxL4KGrKHBXl7Eds1DAmEdcoVawXnLD7SDhpNgtuII2aAkg7a7QS41jxPSZ17p4VdGnMHk3MQ=="
  "resolved" "https://r2.cnpmjs.org/delayed-stream/-/delayed-stream-1.0.0.tgz"
  "version" "1.0.0"

"earcut@^3.0.0":
  "integrity" "sha512-41Fs7Q/PLq1SDbqjsgcY7GA42T0jvaCNGXgGtsNdvg+Yv8eIu06bxv4/PoREkZ9nMDNwnUSG9OFB9+yv8eKhDg=="
  "resolved" "https://registry.npmmirror.com/earcut/-/earcut-3.0.0.tgz"
  "version" "3.0.0"

"esbuild@^0.21.3":
  "integrity" "sha512-mg3OPMV4hXywwpoDxu3Qda5xCKQi+vCTZq8S9J/EpkhB2HzKXq4SNFZE3+NK93JYxc8VMSep+lOUSC/RVKaBqw=="
  "resolved" "https://r.cnpmjs.org/esbuild/-/esbuild-0.21.5.tgz"
  "version" "0.21.5"
  optionalDependencies:
    "@esbuild/aix-ppc64" "0.21.5"
    "@esbuild/android-arm" "0.21.5"
    "@esbuild/android-arm64" "0.21.5"
    "@esbuild/android-x64" "0.21.5"
    "@esbuild/darwin-arm64" "0.21.5"
    "@esbuild/darwin-x64" "0.21.5"
    "@esbuild/freebsd-arm64" "0.21.5"
    "@esbuild/freebsd-x64" "0.21.5"
    "@esbuild/linux-arm" "0.21.5"
    "@esbuild/linux-arm64" "0.21.5"
    "@esbuild/linux-ia32" "0.21.5"
    "@esbuild/linux-loong64" "0.21.5"
    "@esbuild/linux-mips64el" "0.21.5"
    "@esbuild/linux-ppc64" "0.21.5"
    "@esbuild/linux-riscv64" "0.21.5"
    "@esbuild/linux-s390x" "0.21.5"
    "@esbuild/linux-x64" "0.21.5"
    "@esbuild/netbsd-x64" "0.21.5"
    "@esbuild/openbsd-x64" "0.21.5"
    "@esbuild/sunos-x64" "0.21.5"
    "@esbuild/win32-arm64" "0.21.5"
    "@esbuild/win32-ia32" "0.21.5"
    "@esbuild/win32-x64" "0.21.5"

"follow-redirects@^1.15.6":
  "integrity" "sha512-gew4GsXizNgdoRyqmyfMHyAmXsZDk6mHkSxZFCzW9gwlbtOW44CDtYavM+y+72qD/Vq2l550kMF52DT8fOLJqQ=="
  "resolved" "https://r.cnpmjs.org/follow-redirects/-/follow-redirects-1.15.9.tgz"
  "version" "1.15.9"

"form-data@^4.0.0":
  "integrity" "sha512-tzN8e4TX8+kkxGPK8D5u0FNmjPUjw3lwC9lSLxxoB/+GtsJG91CO8bSWy73APlgAZzZbXEYZJuxjkHH2w+Ezhw=="
  "resolved" "https://r.cnpmjs.org/form-data/-/form-data-4.0.1.tgz"
  "version" "4.0.1"
  dependencies:
    "asynckit" "^0.4.0"
    "combined-stream" "^1.0.8"
    "mime-types" "^2.1.12"

"geojson-vt@^4.0.2":
  "integrity" "sha512-AV9ROqlNqoZEIJGfm1ncNjEXfkz2hdFlZf0qkVfmkwdKa8vj7H16YUOT81rJw1rdFhyEDlN2Tds91p/glzbl5A=="
  "resolved" "https://registry.npmmirror.com/geojson-vt/-/geojson-vt-4.0.2.tgz"
  "version" "4.0.2"

"gl-matrix@^3.4.3":
  "integrity" "sha512-wcCp8vu8FT22BnvKVPjXa/ICBWRq/zjFfdofZy1WSpQZpphblv12/bOQLBC1rMM7SGOFS9ltVmKOHil5+Ml7gA=="
  "resolved" "https://registry.npmmirror.com/gl-matrix/-/gl-matrix-3.4.3.tgz"
  "version" "3.4.3"

"grid-index@^1.1.0":
  "integrity" "sha512-HZRwumpOGUrHyxO5bqKZL0B0GlUpwtCAzZ42sgxUPniu33R1LSFH5yrIcBCHjkctCAh3mtWKcKd9J4vDDdeVHA=="
  "resolved" "https://registry.npmmirror.com/grid-index/-/grid-index-1.1.0.tgz"
  "version" "1.1.0"

"ieee754@^1.1.12":
  "integrity" "sha512-dcyqhDvX1C46lXZcVqCpK+FtMRQVdIMN6/Df5js2zouUsqG7I6sFxitIC+7KYK29KdXOLHdu9zL4sFnoVQnqaA=="
  "resolved" "https://registry.npmmirror.com/ieee754/-/ieee754-1.2.1.tgz"
  "version" "1.2.1"

"js-cookie@^3.0.5":
  "integrity" "sha512-cEiJEAEoIbWfCZYKWhVwFuvPX1gETRYPw6LlaTKoxD3s2AkXzkCjnp6h0V77ozyqj0jakteJ4YqDJT830+lVGw=="
  "resolved" "https://r.cnpmjs.org/js-cookie/-/js-cookie-3.0.5.tgz"
  "version" "3.0.5"

"kdbush@^4.0.2":
  "integrity" "sha512-WbCVYJ27Sz8zi9Q7Q0xHC+05iwkm3Znipc2XTlrnJbsHMYktW4hPhXUE8Ys1engBrvffoSCqbil1JQAa7clRpA=="
  "resolved" "https://registry.npmmirror.com/kdbush/-/kdbush-4.0.2.tgz"
  "version" "4.0.2"

"lit-deployment-example@file:":
  "resolved" "file:"
  "version" "1.0.0"
  dependencies:
    "@vaadin/router" "^2.0.0"
    "axios" "^1.7.7"
    "js-cookie" "^3.0.5"
    "lit" "^2.7.5"
    "lit-deployment-example" "file:"
    "mapbox-gl" "^3.7.0"

"lit-element@^3.3.0":
  "integrity" "sha512-XbeRxmTHubXENkV4h8RIPyr8lXc+Ff28rkcQzw3G6up2xg5E8Zu1IgOWIwBLEQsu3cOVFqdYwiVi0hv0SlpqUA=="
  "resolved" "https://r.cnpmjs.org/lit-element/-/lit-element-3.3.3.tgz"
  "version" "3.3.3"
  dependencies:
    "@lit-labs/ssr-dom-shim" "^1.1.0"
    "@lit/reactive-element" "^1.3.0"
    "lit-html" "^2.8.0"

"lit-html@^2.8.0":
  "integrity" "sha512-o9t+MQM3P4y7M7yNzqAyjp7z+mQGa4NS4CxiyLqFPyFWyc4O+nodLrkrxSaCTrla6M5YOLaT3RpbbqjszB5g3Q=="
  "resolved" "https://r.cnpmjs.org/lit-html/-/lit-html-2.8.0.tgz"
  "version" "2.8.0"
  dependencies:
    "@types/trusted-types" "^2.0.2"

"lit@^2.7.5":
  "integrity" "sha512-4Sc3OFX9QHOJaHbmTMk28SYgVxLN3ePDjg7hofEft2zWlehFL3LiAuapWc4U/kYwMYJSh2hTCPZ6/LIC7ii0MA=="
  "resolved" "https://r.cnpmjs.org/lit/-/lit-2.8.0.tgz"
  "version" "2.8.0"
  dependencies:
    "@lit/reactive-element" "^1.6.0"
    "lit-element" "^3.3.0"
    "lit-html" "^2.8.0"

"mapbox-gl@^3.7.0":
  "integrity" "sha512-dCbVyH1uGobwv6f4QKRv2Z2wuVT/RmspsudK3sTxGRFxZi6Pd2P9axdbVyZpmGddCAREy44pHhvzvO0qgpdKAg=="
  "resolved" "https://registry.npmmirror.com/mapbox-gl/-/mapbox-gl-3.7.0.tgz"
  "version" "3.7.0"
  dependencies:
    "@mapbox/jsonlint-lines-primitives" "^2.0.2"
    "@mapbox/mapbox-gl-supported" "^3.0.0"
    "@mapbox/point-geometry" "^0.1.0"
    "@mapbox/tiny-sdf" "^2.0.6"
    "@mapbox/unitbezier" "^0.0.1"
    "@mapbox/vector-tile" "^1.3.1"
    "@mapbox/whoots-js" "^3.1.0"
    "@types/geojson" "^7946.0.14"
    "@types/geojson-vt" "^3.2.5"
    "@types/mapbox__point-geometry" "^0.1.4"
    "@types/mapbox__vector-tile" "^1.3.4"
    "@types/pbf" "^3.0.5"
    "@types/supercluster" "^7.1.3"
    "cheap-ruler" "^4.0.0"
    "csscolorparser" "~1.0.3"
    "earcut" "^3.0.0"
    "geojson-vt" "^4.0.2"
    "gl-matrix" "^3.4.3"
    "grid-index" "^1.1.0"
    "kdbush" "^4.0.2"
    "murmurhash-js" "^1.0.0"
    "pbf" "^3.2.1"
    "potpack" "^2.0.0"
    "quickselect" "^3.0.0"
    "serialize-to-js" "^3.1.2"
    "supercluster" "^8.0.1"
    "tinyqueue" "^3.0.0"
    "vt-pbf" "^3.1.3"

"mime-db@1.52.0":
  "integrity" "sha512-sPU4uV7dYlvtWJxwwxHD0PuihVNiE7TyAbQ5SWxDCB9mUYvOgroQOwYQQOKPJ8CIbE+1ETVlOoK1UC2nU3gYvg=="
  "resolved" "https://r.cnpmjs.org/mime-db/-/mime-db-1.52.0.tgz"
  "version" "1.52.0"

"mime-types@^2.1.12":
  "integrity" "sha512-ZDY+bPm5zTTF+YpCrAU9nK0UgICYPT0QtT1NZWFv4s++TNkcgVaT0g6+4R2uI4MjQjzysHB1zxuWL50hzaeXiw=="
  "resolved" "https://r.cnpmjs.org/mime-types/-/mime-types-2.1.35.tgz"
  "version" "2.1.35"
  dependencies:
    "mime-db" "1.52.0"

"murmurhash-js@^1.0.0":
  "integrity" "sha512-TvmkNhkv8yct0SVBSy+o8wYzXjE4Zz3PCesbfs8HiCXXdcTuocApFv11UWlNFWKYsP2okqrhb7JNlSm9InBhIw=="
  "resolved" "https://registry.npmmirror.com/murmurhash-js/-/murmurhash-js-1.0.0.tgz"
  "version" "1.0.0"

"nanoid@^3.3.7":
  "integrity" "sha512-eSRppjcPIatRIMC1U6UngP8XFcz8MQWGQdt1MTBQ7NaAmvXDfvNxbvWV3x2y6CdEUciCSsDHDQZbhYaB8QEo2g=="
  "resolved" "https://r.cnpmjs.org/nanoid/-/nanoid-3.3.7.tgz"
  "version" "3.3.7"

"path-to-regexp@^6.3.0":
  "integrity" "sha512-Yhpw4T9C6hPpgPeA28us07OJeqZ5EzQTkbfwuhsUg0c237RomFoETJgmp2sa3F/41gfLE6G5cqcYwznmeEeOlQ=="
  "resolved" "https://r.cnpmjs.org/path-to-regexp/-/path-to-regexp-6.3.0.tgz"
  "version" "6.3.0"

"pbf@^3.2.1":
  "integrity" "sha512-XDF38WCH3z5OV/OVa8GKUNtLAyneuzbCisx7QUCF8Q6Nutx0WnJrQe5O+kOtBlLfRNUws98Y58Lblp+NJG5T4Q=="
  "resolved" "https://registry.npmmirror.com/pbf/-/pbf-3.3.0.tgz"
  "version" "3.3.0"
  dependencies:
    "ieee754" "^1.1.12"
    "resolve-protobuf-schema" "^2.1.0"

"picocolors@^1.1.0":
  "integrity" "sha512-xceH2snhtb5M9liqDsmEw56le376mTZkEX/jEb/RxNFyegNul7eNslCXP9FDj/Lcu0X8KEyMceP2ntpaHrDEVA=="
  "resolved" "https://r.cnpmjs.org/picocolors/-/picocolors-1.1.1.tgz"
  "version" "1.1.1"

"postcss@^8.4.43":
  "integrity" "sha512-56rxCq7G/XfB4EkXq9Egn5GCqugWvDFjafDOThIdMBsI15iqPqR5r15TfSr1YPYeEI19YeaXMCbY6u88Y76GLQ=="
  "resolved" "https://r.cnpmjs.org/postcss/-/postcss-8.4.47.tgz"
  "version" "8.4.47"
  dependencies:
    "nanoid" "^3.3.7"
    "picocolors" "^1.1.0"
    "source-map-js" "^1.2.1"

"potpack@^2.0.0":
  "integrity" "sha512-Q+/tYsFU9r7xoOJ+y/ZTtdVQwTWfzjbiXBDMM/JKUux3+QPP02iUuIoeBQ+Ot6oEDlC+/PGjB/5A3K7KKb7hcw=="
  "resolved" "https://registry.npmmirror.com/potpack/-/potpack-2.0.0.tgz"
  "version" "2.0.0"

"prettier@^3.3.3":
  "integrity" "sha512-i2tDNA0O5IrMO757lfrdQZCc2jPNDVntV0m/+4whiDfWaTKfMNgR7Qz0NAeGz/nRqF4m5/6CLzbP4/liHt12Ew=="
  "resolved" "https://registry.npmmirror.com/prettier/-/prettier-3.3.3.tgz"
  "version" "3.3.3"

"protocol-buffers-schema@^3.3.1":
  "integrity" "sha512-TdDRD+/QNdrCGCE7v8340QyuXd4kIWIgapsE2+n/SaGiSSbomYl4TjHlvIoCWRpE7wFt02EpB35VVA2ImcBVqw=="
  "resolved" "https://registry.npmmirror.com/protocol-buffers-schema/-/protocol-buffers-schema-3.6.0.tgz"
  "version" "3.6.0"

"proxy-from-env@^1.1.0":
  "integrity" "sha512-D+zkORCbA9f1tdWRK0RaCR3GPv50cMxcrz4X8k5LTSUD1Dkw47mKJEZQNunItRTkWwgtaUSo1RVFRIG9ZXiFYg=="
  "resolved" "https://r2.cnpmjs.org/proxy-from-env/-/proxy-from-env-1.1.0.tgz"
  "version" "1.1.0"

"quickselect@^3.0.0":
  "integrity" "sha512-XdjUArbK4Bm5fLLvlm5KpTFOiOThgfWWI4axAZDWg4E/0mKdZyI9tNEfds27qCi1ze/vwTR16kvmmGhRra3c2g=="
  "resolved" "https://registry.npmmirror.com/quickselect/-/quickselect-3.0.0.tgz"
  "version" "3.0.0"

"resolve-protobuf-schema@^2.1.0":
  "integrity" "sha512-kI5ffTiZWmJaS/huM8wZfEMer1eRd7oJQhDuxeCLe3t7N7mX3z94CN0xPxBQxFYQTSNz9T0i+v6inKqSdK8xrQ=="
  "resolved" "https://registry.npmmirror.com/resolve-protobuf-schema/-/resolve-protobuf-schema-2.1.0.tgz"
  "version" "2.1.0"
  dependencies:
    "protocol-buffers-schema" "^3.3.1"

"rollup@^4.20.0":
  "integrity" "sha512-DOmrlGSXNk1DM0ljiQA+i+o0rSLhtii1je5wgk60j49d1jHT5YYttBv1iWOnYSTG+fZZESUOSNiAl89SIet+Cg=="
  "resolved" "https://r.cnpmjs.org/rollup/-/rollup-4.24.0.tgz"
  "version" "4.24.0"
  dependencies:
    "@types/estree" "1.0.6"
  optionalDependencies:
    "@rollup/rollup-android-arm-eabi" "4.24.0"
    "@rollup/rollup-android-arm64" "4.24.0"
    "@rollup/rollup-darwin-arm64" "4.24.0"
    "@rollup/rollup-darwin-x64" "4.24.0"
    "@rollup/rollup-linux-arm-gnueabihf" "4.24.0"
    "@rollup/rollup-linux-arm-musleabihf" "4.24.0"
    "@rollup/rollup-linux-arm64-gnu" "4.24.0"
    "@rollup/rollup-linux-arm64-musl" "4.24.0"
    "@rollup/rollup-linux-powerpc64le-gnu" "4.24.0"
    "@rollup/rollup-linux-riscv64-gnu" "4.24.0"
    "@rollup/rollup-linux-s390x-gnu" "4.24.0"
    "@rollup/rollup-linux-x64-gnu" "4.24.0"
    "@rollup/rollup-linux-x64-musl" "4.24.0"
    "@rollup/rollup-win32-arm64-msvc" "4.24.0"
    "@rollup/rollup-win32-ia32-msvc" "4.24.0"
    "@rollup/rollup-win32-x64-msvc" "4.24.0"
    "fsevents" "~2.3.2"

"serialize-to-js@^3.1.2":
  "integrity" "sha512-owllqNuDDEimQat7EPG0tH7JjO090xKNzUtYz6X+Sk2BXDnOCilDdNLwjWeFywG9xkJul1ULvtUQa9O4pUaY0w=="
  "resolved" "https://registry.npmmirror.com/serialize-to-js/-/serialize-to-js-3.1.2.tgz"
  "version" "3.1.2"

"source-map-js@^1.2.1":
  "integrity" "sha512-UXWMKhLOwVKb728IUtQPXxfYU+usdybtUrK/8uGE8CQMvrhOpwvzDBwj0QhSL7MQc7vIsISBG8VQ8+IDQxpfQA=="
  "resolved" "https://r.cnpmjs.org/source-map-js/-/source-map-js-1.2.1.tgz"
  "version" "1.2.1"

"supercluster@^8.0.1":
  "integrity" "sha512-IiOea5kJ9iqzD2t7QJq/cREyLHTtSmUT6gQsweojg9WH2sYJqZK9SswTu6jrscO6D1G5v5vYZ9ru/eq85lXeZQ=="
  "resolved" "https://registry.npmmirror.com/supercluster/-/supercluster-8.0.1.tgz"
  "version" "8.0.1"
  dependencies:
    "kdbush" "^4.0.2"

"tinyqueue@^3.0.0":
  "integrity" "sha512-gRa9gwYU3ECmQYv3lslts5hxuIa90veaEcxDYuu3QGOIAEM2mOZkVHp48ANJuu1CURtRdHKUBY5Lm1tHV+sD4g=="
  "resolved" "https://registry.npmmirror.com/tinyqueue/-/tinyqueue-3.0.0.tgz"
  "version" "3.0.0"

"type-fest@^4.26.1":
  "integrity" "sha512-yOGpmOAL7CkKe/91I5O3gPICmJNLJ1G4zFYVAsRHg7M64biSnPtRj0WNQt++bRkjYOqjWXrhnUw1utzmVErAdg=="
  "resolved" "https://r.cnpmjs.org/type-fest/-/type-fest-4.26.1.tgz"
  "version" "4.26.1"

"vite@^5.4.9":
  "integrity" "sha512-20OVpJHh0PAM0oSOELa5GaZNWeDjcAvQjGXy2Uyr+Tp+/D2/Hdz6NLgpJLsarPTA2QJ6v8mX2P1ZfbsSKvdMkg=="
  "resolved" "https://r.cnpmjs.org/vite/-/vite-5.4.9.tgz"
  "version" "5.4.9"
  dependencies:
    "esbuild" "^0.21.3"
    "postcss" "^8.4.43"
    "rollup" "^4.20.0"
  optionalDependencies:
    "fsevents" "~2.3.3"

"vt-pbf@^3.1.3":
  "integrity" "sha512-2LzDFzt0mZKZ9IpVF2r69G9bXaP2Q2sArJCmcCgvfTdCCZzSyz4aCLoQyUilu37Ll56tCblIZrXFIjNUpGIlmA=="
  "resolved" "https://registry.npmmirror.com/vt-pbf/-/vt-pbf-3.1.3.tgz"
  "version" "3.1.3"
  dependencies:
    "@mapbox/point-geometry" "0.1.0"
    "@mapbox/vector-tile" "^1.3.1"
    "pbf" "^3.2.1"
